<?xml version="1.0" encoding="utf-8"?>
<Project ToolsVersion="4.0" xmlns="http://schemas.microsoft.com/developer/msbuild/2003">
  <ItemGroup>
    <ClCompile Include="EBO.cpp">
      <Filter>Source files</Filter>
    </ClCompile>
    <ClCompile Include="Texture.cpp">
      <Filter>Source files</Filter>
    </ClCompile>
    <ClCompile Include="VAO.cpp">
      <Filter>Source files</Filter>
    </ClCompile>
    <ClCompile Include="VBO.cpp">
      <Filter>Source files</Filter>
    </ClCompile>
    <ClCompile Include="glad.c">
      <Filter>Source files</Filter>
    </ClCompile>
    <ClCompile Include="main.cpp">
      <Filter>Source files</Filter>
    </ClCompile>
    <ClCompile Include="stb.cpp">
      <Filter>Source files</Filter>
    </ClCompile>
    <ClCompile Include="shaderClass.cpp">
      <Filter>Source files</Filter>
    </ClCompile>
  </ItemGroup>
  <ItemGroup>
    <None Include="default.frag">
      <Filter>Resources\Shaders</Filter>
    </None>
    <None Include="default.vert">
      <Filter>Resources\Shaders</Filter>
    </None>
  </ItemGroup>
  <ItemGroup>
    <Filter Include="Headers">
      <UniqueIdentifier>{61652763-a8ba-412d-822e-a93197540ad6}</UniqueIdentifier>
    </Filter>
    <Filter Include="Source files">
      <UniqueIdentifier>{658d978d-e2ab-439b-91c4-099eedb47670}</UniqueIdentifier>
    </Filter>
    <Filter Include="Resources">
      <UniqueIdentifier>{f1cc064b-a385-4e5a-8e00-0d8c90a2f28c}</UniqueIdentifier>
    </Filter>
    <Filter Include="Resources\Shaders">
      <UniqueIdentifier>{f1557190-f05f-4490-b318-6fc52be082f3}</UniqueIdentifier>
    </Filter>
  </ItemGroup>
  <ItemGroup>
    <ClInclude Include="VAO.h">
      <Filter>Headers</Filter>
    </ClInclude>
    <ClInclude Include="VBO.h">
      <Filter>Headers</Filter>
    </ClInclude>
    <ClInclude Include="EBO.h">
      <Filter>Headers</Filter>
    </ClInclude>
    <ClInclude Include="Texture.h">
      <Filter>Headers</Filter>
    </ClInclude>
    <ClInclude Include="shaderClass.h">
      <Filter>Headers</Filter>
    </ClInclude>
  </ItemGroup>
</Project>